
Microsoft Visual Studio Solution File, Format Version 12.00
# Visual Studio 14
VisualStudioVersion = 14.0.24720.0
MinimumVisualStudioVersion = 10.0.40219.1
Project("{FAE04EC0-301F-11D3-BF4B-00C04F79EFBC}") = "CTRC.Tests", "CTRC.Tests\CTRC.Tests.csproj", "{037830BB-825F-40DA-B266-BEC8358B158D}"
EndProject
Project("{FAE04EC0-301F-11D3-BF4B-00C04F79EFBC}") = "CTRC", "CTRC\CTRC.csproj", "{A51F5E5E-63E6-48C5-B324-85A522E505ED}"
EndProject
Global
	GlobalSection(SolutionConfigurationPlatforms) = preSolution
		Debug|Any CPU = Debug|Any CPU
		Release|Any CPU = Release|Any CPU
	EndGlobalSection
	GlobalSection(ProjectConfigurationPlatforms) = postSolution
		{037830BB-825F-40DA-B266-BEC8358B158D}.Debug|Any CPU.ActiveCfg = Debug|Any CPU
		{037830BB-825F-40DA-B266-BEC8358B158D}.Debug|Any CPU.Build.0 = Debug|Any CPU
		{037830BB-825F-40DA-B266-BEC8358B158D}.Release|Any CPU.ActiveCfg = Release|Any CPU
		{037830BB-825F-40DA-B266-BEC8358B158D}.Release|Any CPU.Build.0 = Release|Any CPU
		{A51F5E5E-63E6-48C5-B324-85A522E505ED}.Debug|Any CPU.ActiveCfg = Debug|Any CPU
		{A51F5E5E-63E6-48C5-B324-85A522E505ED}.Debug|Any CPU.Build.0 = Debug|Any CPU
		{A51F5E5E-63E6-48C5-B324-85A522E505ED}.Release|Any CPU.ActiveCfg = Release|Any CPU
		{A51F5E5E-63E6-48C5-B324-85A522E505ED}.Release|Any CPU.Build.0 = Release|Any CPU
	EndGlobalSection
	GlobalSection(SolutionProperties) = preSolution
		HideSolutionNode = FALSE
	EndGlobalSection
EndGlobal
